
Microsoft Visual Studio Solution File, Format Version 12.00
# Visual Studio Version 17
VisualStudioVersion = 17.5.33516.290
MinimumVisualStudioVersion = 10.0.40219.1
Project("{FAE04EC0-301F-11D3-BF4B-00C04F79EFBC}") = "Games In One App", "Games In One App.csproj", "{27944CE8-7BC9-4B8F-A38C-DAA4B03E163D}"
	ProjectSection(ProjectDependencies) = postProject
		{FB54DC06-789F-43EA-8598-4387A3CA40EC} = {FB54DC06-789F-43EA-8598-4387A3CA40EC}
	EndProjectSection
EndProject
Project("{8BC9CEB8-8B4A-11D0-8D11-00A0C91BC942}") = "LinkFrontAndBack", "..\LinkFrontAndBack\LinkFrontAndBack.vcxproj", "{FB54DC06-789F-43EA-8598-4387A3CA40EC}"
EndProject
Global
	GlobalSection(SolutionConfigurationPlatforms) = preSolution
		Debug|Any CPU = Debug|Any CPU
		Debug|x64 = Debug|x64
		Debug|x86 = Debug|x86
		Release|Any CPU = Release|Any CPU
		Release|x64 = Release|x64
		Release|x86 = Release|x86
	EndGlobalSection
	GlobalSection(ProjectConfigurationPlatforms) = postSolution
		{27944CE8-7BC9-4B8F-A38C-DAA4B03E163D}.Debug|Any CPU.ActiveCfg = Debug|Any CPU
		{27944CE8-7BC9-4B8F-A38C-DAA4B03E163D}.Debug|Any CPU.Build.0 = Debug|Any CPU
		{27944CE8-7BC9-4B8F-A38C-DAA4B03E163D}.Debug|x64.ActiveCfg = Debug|Any CPU
		{27944CE8-7BC9-4B8F-A38C-DAA4B03E163D}.Debug|x64.Build.0 = Debug|Any CPU
		{27944CE8-7BC9-4B8F-A38C-DAA4B03E163D}.Debug|x86.ActiveCfg = Debug|Any CPU
		{27944CE8-7BC9-4B8F-A38C-DAA4B03E163D}.Debug|x86.Build.0 = Debug|Any CPU
		{27944CE8-7BC9-4B8F-A38C-DAA4B03E163D}.Release|Any CPU.ActiveCfg = Release|Any CPU
		{27944CE8-7BC9-4B8F-A38C-DAA4B03E163D}.Release|Any CPU.Build.0 = Release|Any CPU
		{27944CE8-7BC9-4B8F-A38C-DAA4B03E163D}.Release|x64.ActiveCfg = Release|Any CPU
		{27944CE8-7BC9-4B8F-A38C-DAA4B03E163D}.Release|x64.Build.0 = Release|Any CPU
		{27944CE8-7BC9-4B8F-A38C-DAA4B03E163D}.Release|x86.ActiveCfg = Release|Any CPU
		{27944CE8-7BC9-4B8F-A38C-DAA4B03E163D}.Release|x86.Build.0 = Release|Any CPU
		{FB54DC06-789F-43EA-8598-4387A3CA40EC}.Debug|Any CPU.ActiveCfg = Debug|x64
		{FB54DC06-789F-43EA-8598-4387A3CA40EC}.Debug|Any CPU.Build.0 = Debug|x64
		{FB54DC06-789F-43EA-8598-4387A3CA40EC}.Debug|x64.ActiveCfg = Debug|x64
		{FB54DC06-789F-43EA-8598-4387A3CA40EC}.Debug|x64.Build.0 = Debug|x64
		{FB54DC06-789F-43EA-8598-4387A3CA40EC}.Debug|x86.ActiveCfg = Debug|Win32
		{FB54DC06-789F-43EA-8598-4387A3CA40EC}.Debug|x86.Build.0 = Debug|Win32
		{FB54DC06-789F-43EA-8598-4387A3CA40EC}.Release|Any CPU.ActiveCfg = Release|x64
		{FB54DC06-789F-43EA-8598-4387A3CA40EC}.Release|Any CPU.Build.0 = Release|x64
		{FB54DC06-789F-43EA-8598-4387A3CA40EC}.Release|x64.ActiveCfg = Release|x64
		{FB54DC06-789F-43EA-8598-4387A3CA40EC}.Release|x64.Build.0 = Release|x64
		{FB54DC06-789F-43EA-8598-4387A3CA40EC}.Release|x86.ActiveCfg = Release|Win32
		{FB54DC06-789F-43EA-8598-4387A3CA40EC}.Release|x86.Build.0 = Release|Win32
	EndGlobalSection
	GlobalSection(SolutionProperties) = preSolution
		HideSolutionNode = FALSE
	EndGlobalSection
	GlobalSection(ExtensibilityGlobals) = postSolution
		SolutionGuid = {7F1BF29B-ACA6-4E0E-9F4C-C2EA2864D158}
	EndGlobalSection
EndGlobal
