
Microsoft Visual Studio Solution File, Format Version 12.00
# Visual Studio Version 17
VisualStudioVersion = 17.5.33516.290
MinimumVisualStudioVersion = 10.0.40219.1
Project("{FAE04EC0-301F-11D3-BF4B-00C04F79EFBC}") = "Games In One App", "Games In One App.csproj", "{27944CE8-7BC9-4B8F-A38C-DAA4B03E163D}"
EndProject
Global
	GlobalSection(SolutionConfigurationPlatforms) = preSolution
		Debug|Any CPU = Debug|Any CPU
		Release|Any CPU = Release|Any CPU
	EndGlobalSection
	GlobalSection(ProjectConfigurationPlatforms) = postSolution
		{27944CE8-7BC9-4B8F-A38C-DAA4B03E163D}.Debug|Any CPU.ActiveCfg = Debug|Any CPU
		{27944CE8-7BC9-4B8F-A38C-DAA4B03E163D}.Debug|Any CPU.Build.0 = Debug|Any CPU
		{27944CE8-7BC9-4B8F-A38C-DAA4B03E163D}.Release|Any CPU.ActiveCfg = Release|Any CPU
		{27944CE8-7BC9-4B8F-A38C-DAA4B03E163D}.Release|Any CPU.Build.0 = Release|Any CPU
	EndGlobalSection
	GlobalSection(SolutionProperties) = preSolution
		HideSolutionNode = FALSE
	EndGlobalSection
	GlobalSection(ExtensibilityGlobals) = postSolution
		SolutionGuid = {7F1BF29B-ACA6-4E0E-9F4C-C2EA2864D158}
	EndGlobalSection
EndGlobal
